
Microsoft Visual Studio Solution File, Format Version 12.00
Project("{FAE04EC0-301F-11D3-BF4B-00C04F79EFBC}") = "TokenHub", "TokenHub\TokenHub.csproj", "{8644241F-A9E5-4DC0-98C7-B5234FD223D3}"
EndProject
Global
	GlobalSection(SolutionConfigurationPlatforms) = preSolution
		Debug|Any CPU = Debug|Any CPU
		Release|Any CPU = Release|Any CPU
	EndGlobalSection
	GlobalSection(ProjectConfigurationPlatforms) = postSolution
		{8644241F-A9E5-4DC0-98C7-B5234FD223D3}.Debug|Any CPU.ActiveCfg = Debug|Any CPU
		{8644241F-A9E5-4DC0-98C7-B5234FD223D3}.Debug|Any CPU.Build.0 = Debug|Any CPU
		{8644241F-A9E5-4DC0-98C7-B5234FD223D3}.Release|Any CPU.ActiveCfg = Release|Any CPU
		{8644241F-A9E5-4DC0-98C7-B5234FD223D3}.Release|Any CPU.Build.0 = Release|Any CPU
	EndGlobalSection
EndGlobal
